
Microsoft Visual Studio Solution File, Format Version 12.00
# Visual Studio Version 17
VisualStudioVersion = 17.0.32014.148
MinimumVisualStudioVersion = 10.0.40219.1
Project("{2150E333-8FDC-42A3-9474-1A3956D46DE8}") = "services", "services", "{6FA408DA-0780-42CC-AF95-DEAB91DF10BC}"
EndProject
Project("{2150E333-8FDC-42A3-9474-1A3956D46DE8}") = "Catalog", "Catalog", "{DF62E802-E82B-4B1D-8AB1-1EE34EC0B35A}"
EndProject
Project("{9A19103F-16F7-4668-BE54-9A1E7A4F7556}") = "Catalog.API", "services\Catalog\Catalog.API\Catalog.API.csproj", "{778F3E67-A668-478F-A7DD-7CD9D2DFA7FC}"
EndProject
Project("{E53339B2-1760-4266-BCC7-CA923CBCF16C}") = "docker-compose", "docker-compose.dcproj", "{FE05B4AE-5FAF-4D0C-B540-70FBA3C31E94}"
EndProject
Project("{2150E333-8FDC-42A3-9474-1A3956D46DE8}") = "Basket", "Basket", "{CE5B80B3-ED56-4BA6-8431-5895ECDF8CCB}"
EndProject
Project("{9A19103F-16F7-4668-BE54-9A1E7A4F7556}") = "Basket.Api", "services\Basket\Basket.Api\Basket.Api.csproj", "{F2BA7D78-9B03-4DB4-B944-E1D51C690340}"
EndProject
Project("{2150E333-8FDC-42A3-9474-1A3956D46DE8}") = "Discount", "Discount", "{0D3ECF30-CF8F-477D-BC20-60134A11E878}"
EndProject
Project("{9A19103F-16F7-4668-BE54-9A1E7A4F7556}") = "Discount.Api", "services\Discount\Discount.Api\Discount.Api.csproj", "{0DBB31A3-4311-465D-AAAA-05ED374B50F3}"
EndProject
Project("{9A19103F-16F7-4668-BE54-9A1E7A4F7556}") = "Discount.Grpc", "services\Discount\Discount.Grpc\Discount.Grpc.csproj", "{BF5A5FAC-9626-4458-A57F-99394490DFC6}"
EndProject
Project("{2150E333-8FDC-42A3-9474-1A3956D46DE8}") = "Ordering", "Ordering", "{2FB6296E-8878-46C9-B02C-37140AFC93E7}"
EndProject
Project("{9A19103F-16F7-4668-BE54-9A1E7A4F7556}") = "Ordering.Api", "services\Ordering\Ordering.Api\Ordering.Api.csproj", "{69BFBF96-9E3E-40AC-A3BF-5D96D8124058}"
EndProject
Project("{9A19103F-16F7-4668-BE54-9A1E7A4F7556}") = "Ordering.Domain", "services\Ordering\ClassLibrary1\Ordering.Domain.csproj", "{D6525595-8352-42A0-9D8D-E6B91522A2EF}"
EndProject
Project("{9A19103F-16F7-4668-BE54-9A1E7A4F7556}") = "Ordering.Application", "services\Ordering\Ordering.Application\Ordering.Application.csproj", "{7A905205-FA50-4D4D-9416-A87F05B0C057}"
EndProject
Project("{9A19103F-16F7-4668-BE54-9A1E7A4F7556}") = "Ordering.Infrastructure", "services\Ordering\Ordering.Infrastructure\Ordering.Infrastructure.csproj", "{B3E88D7F-C88A-44F4-A2D1-70A4B7C68C4A}"
EndProject
Project("{2150E333-8FDC-42A3-9474-1A3956D46DE8}") = "BuildingBlocks", "BuildingBlocks", "{52F48F1D-9543-46F7-9463-3DE2D474267E}"
EndProject
Project("{9A19103F-16F7-4668-BE54-9A1E7A4F7556}") = "EventBus.Messages", "BuildingBlocks\EventBus.Messages\EventBus.Messages.csproj", "{D17D7421-7B62-4DDE-B426-02BE41853B8E}"
EndProject
Project("{2150E333-8FDC-42A3-9474-1A3956D46DE8}") = "ApiGateways", "ApiGateways", "{1F1A9420-5CEE-4A15-8732-6F667CD8632B}"
EndProject
Project("{9A19103F-16F7-4668-BE54-9A1E7A4F7556}") = "OcelotApiGw", "ApiGateways\OcelotApiGw\OcelotApiGw.csproj", "{5429F262-F29A-4D1E-9F08-38F27FC510BA}"
EndProject
Project("{FAE04EC0-301F-11D3-BF4B-00C04F79EFBC}") = "Shopping.Aggregator", "ApiGateways\Shopping.Aggregator\Shopping.Aggregator.csproj", "{F9ED3F33-7C91-4FF2-B766-D403737863F4}"
EndProject
Project("{2150E333-8FDC-42A3-9474-1A3956D46DE8}") = "Test", "Test", "{37A4696F-3033-4D5B-8213-086D2EAD3893}"
	ProjectSection(SolutionItems) = preProject
		Test\run-aspnetcore-microservices-master.zip = Test\run-aspnetcore-microservices-master.zip
	EndProjectSection
EndProject
Global
	GlobalSection(SolutionConfigurationPlatforms) = preSolution
		Debug|Any CPU = Debug|Any CPU
		Release|Any CPU = Release|Any CPU
	EndGlobalSection
	GlobalSection(ProjectConfigurationPlatforms) = postSolution
		{778F3E67-A668-478F-A7DD-7CD9D2DFA7FC}.Debug|Any CPU.ActiveCfg = Debug|Any CPU
		{778F3E67-A668-478F-A7DD-7CD9D2DFA7FC}.Debug|Any CPU.Build.0 = Debug|Any CPU
		{778F3E67-A668-478F-A7DD-7CD9D2DFA7FC}.Release|Any CPU.ActiveCfg = Release|Any CPU
		{778F3E67-A668-478F-A7DD-7CD9D2DFA7FC}.Release|Any CPU.Build.0 = Release|Any CPU
		{FE05B4AE-5FAF-4D0C-B540-70FBA3C31E94}.Debug|Any CPU.ActiveCfg = Debug|Any CPU
		{FE05B4AE-5FAF-4D0C-B540-70FBA3C31E94}.Debug|Any CPU.Build.0 = Debug|Any CPU
		{FE05B4AE-5FAF-4D0C-B540-70FBA3C31E94}.Release|Any CPU.ActiveCfg = Release|Any CPU
		{FE05B4AE-5FAF-4D0C-B540-70FBA3C31E94}.Release|Any CPU.Build.0 = Release|Any CPU
		{F2BA7D78-9B03-4DB4-B944-E1D51C690340}.Debug|Any CPU.ActiveCfg = Debug|Any CPU
		{F2BA7D78-9B03-4DB4-B944-E1D51C690340}.Debug|Any CPU.Build.0 = Debug|Any CPU
		{F2BA7D78-9B03-4DB4-B944-E1D51C690340}.Release|Any CPU.ActiveCfg = Release|Any CPU
		{F2BA7D78-9B03-4DB4-B944-E1D51C690340}.Release|Any CPU.Build.0 = Release|Any CPU
		{0DBB31A3-4311-465D-AAAA-05ED374B50F3}.Debug|Any CPU.ActiveCfg = Debug|Any CPU
		{0DBB31A3-4311-465D-AAAA-05ED374B50F3}.Debug|Any CPU.Build.0 = Debug|Any CPU
		{0DBB31A3-4311-465D-AAAA-05ED374B50F3}.Release|Any CPU.ActiveCfg = Release|Any CPU
		{0DBB31A3-4311-465D-AAAA-05ED374B50F3}.Release|Any CPU.Build.0 = Release|Any CPU
		{BF5A5FAC-9626-4458-A57F-99394490DFC6}.Debug|Any CPU.ActiveCfg = Debug|Any CPU
		{BF5A5FAC-9626-4458-A57F-99394490DFC6}.Debug|Any CPU.Build.0 = Debug|Any CPU
		{BF5A5FAC-9626-4458-A57F-99394490DFC6}.Release|Any CPU.ActiveCfg = Release|Any CPU
		{BF5A5FAC-9626-4458-A57F-99394490DFC6}.Release|Any CPU.Build.0 = Release|Any CPU
		{69BFBF96-9E3E-40AC-A3BF-5D96D8124058}.Debug|Any CPU.ActiveCfg = Debug|Any CPU
		{69BFBF96-9E3E-40AC-A3BF-5D96D8124058}.Debug|Any CPU.Build.0 = Debug|Any CPU
		{69BFBF96-9E3E-40AC-A3BF-5D96D8124058}.Release|Any CPU.ActiveCfg = Release|Any CPU
		{69BFBF96-9E3E-40AC-A3BF-5D96D8124058}.Release|Any CPU.Build.0 = Release|Any CPU
		{D6525595-8352-42A0-9D8D-E6B91522A2EF}.Debug|Any CPU.ActiveCfg = Debug|Any CPU
		{D6525595-8352-42A0-9D8D-E6B91522A2EF}.Debug|Any CPU.Build.0 = Debug|Any CPU
		{D6525595-8352-42A0-9D8D-E6B91522A2EF}.Release|Any CPU.ActiveCfg = Release|Any CPU
		{D6525595-8352-42A0-9D8D-E6B91522A2EF}.Release|Any CPU.Build.0 = Release|Any CPU
		{7A905205-FA50-4D4D-9416-A87F05B0C057}.Debug|Any CPU.ActiveCfg = Debug|Any CPU
		{7A905205-FA50-4D4D-9416-A87F05B0C057}.Debug|Any CPU.Build.0 = Debug|Any CPU
		{7A905205-FA50-4D4D-9416-A87F05B0C057}.Release|Any CPU.ActiveCfg = Release|Any CPU
		{7A905205-FA50-4D4D-9416-A87F05B0C057}.Release|Any CPU.Build.0 = Release|Any CPU
		{B3E88D7F-C88A-44F4-A2D1-70A4B7C68C4A}.Debug|Any CPU.ActiveCfg = Debug|Any CPU
		{B3E88D7F-C88A-44F4-A2D1-70A4B7C68C4A}.Debug|Any CPU.Build.0 = Debug|Any CPU
		{B3E88D7F-C88A-44F4-A2D1-70A4B7C68C4A}.Release|Any CPU.ActiveCfg = Release|Any CPU
		{B3E88D7F-C88A-44F4-A2D1-70A4B7C68C4A}.Release|Any CPU.Build.0 = Release|Any CPU
		{D17D7421-7B62-4DDE-B426-02BE41853B8E}.Debug|Any CPU.ActiveCfg = Debug|Any CPU
		{D17D7421-7B62-4DDE-B426-02BE41853B8E}.Debug|Any CPU.Build.0 = Debug|Any CPU
		{D17D7421-7B62-4DDE-B426-02BE41853B8E}.Release|Any CPU.ActiveCfg = Release|Any CPU
		{D17D7421-7B62-4DDE-B426-02BE41853B8E}.Release|Any CPU.Build.0 = Release|Any CPU
		{5429F262-F29A-4D1E-9F08-38F27FC510BA}.Debug|Any CPU.ActiveCfg = Debug|Any CPU
		{5429F262-F29A-4D1E-9F08-38F27FC510BA}.Debug|Any CPU.Build.0 = Debug|Any CPU
		{5429F262-F29A-4D1E-9F08-38F27FC510BA}.Release|Any CPU.ActiveCfg = Release|Any CPU
		{5429F262-F29A-4D1E-9F08-38F27FC510BA}.Release|Any CPU.Build.0 = Release|Any CPU
		{F9ED3F33-7C91-4FF2-B766-D403737863F4}.Debug|Any CPU.ActiveCfg = Debug|Any CPU
		{F9ED3F33-7C91-4FF2-B766-D403737863F4}.Debug|Any CPU.Build.0 = Debug|Any CPU
		{F9ED3F33-7C91-4FF2-B766-D403737863F4}.Release|Any CPU.ActiveCfg = Release|Any CPU
		{F9ED3F33-7C91-4FF2-B766-D403737863F4}.Release|Any CPU.Build.0 = Release|Any CPU
	EndGlobalSection
	GlobalSection(SolutionProperties) = preSolution
		HideSolutionNode = FALSE
	EndGlobalSection
	GlobalSection(NestedProjects) = preSolution
		{DF62E802-E82B-4B1D-8AB1-1EE34EC0B35A} = {6FA408DA-0780-42CC-AF95-DEAB91DF10BC}
		{778F3E67-A668-478F-A7DD-7CD9D2DFA7FC} = {DF62E802-E82B-4B1D-8AB1-1EE34EC0B35A}
		{CE5B80B3-ED56-4BA6-8431-5895ECDF8CCB} = {6FA408DA-0780-42CC-AF95-DEAB91DF10BC}
		{F2BA7D78-9B03-4DB4-B944-E1D51C690340} = {CE5B80B3-ED56-4BA6-8431-5895ECDF8CCB}
		{0D3ECF30-CF8F-477D-BC20-60134A11E878} = {6FA408DA-0780-42CC-AF95-DEAB91DF10BC}
		{0DBB31A3-4311-465D-AAAA-05ED374B50F3} = {0D3ECF30-CF8F-477D-BC20-60134A11E878}
		{BF5A5FAC-9626-4458-A57F-99394490DFC6} = {0D3ECF30-CF8F-477D-BC20-60134A11E878}
		{2FB6296E-8878-46C9-B02C-37140AFC93E7} = {6FA408DA-0780-42CC-AF95-DEAB91DF10BC}
		{69BFBF96-9E3E-40AC-A3BF-5D96D8124058} = {2FB6296E-8878-46C9-B02C-37140AFC93E7}
		{D6525595-8352-42A0-9D8D-E6B91522A2EF} = {2FB6296E-8878-46C9-B02C-37140AFC93E7}
		{7A905205-FA50-4D4D-9416-A87F05B0C057} = {2FB6296E-8878-46C9-B02C-37140AFC93E7}
		{B3E88D7F-C88A-44F4-A2D1-70A4B7C68C4A} = {2FB6296E-8878-46C9-B02C-37140AFC93E7}
		{D17D7421-7B62-4DDE-B426-02BE41853B8E} = {52F48F1D-9543-46F7-9463-3DE2D474267E}
		{5429F262-F29A-4D1E-9F08-38F27FC510BA} = {1F1A9420-5CEE-4A15-8732-6F667CD8632B}
		{F9ED3F33-7C91-4FF2-B766-D403737863F4} = {1F1A9420-5CEE-4A15-8732-6F667CD8632B}
	EndGlobalSection
	GlobalSection(ExtensibilityGlobals) = postSolution
		SolutionGuid = {CC5A01FB-9898-4472-AA96-DBD5B02C9BCE}
	EndGlobalSection
EndGlobal
